{
  "name": "anoxxx.github.io",
  "version": "5.0.0",
  "lockfileVersion": 3,
  "requires": true,
  "packages": {
    "": {
      "name": "anoxxx.github.io",
      "version": "5.0.0",
      "license": "MIT",
      "dependencies": {
        "p5.brush": "2.2.2"
      },
      "engines": {
        "node": ">=20"
      }
    },
    "node_modules/p5.brush": {
      "version": "2.2.2",
      "resolved": "https://registry.npmjs.org/p5.brush/-/p5.brush-2.2.2.tgz",
      "integrity": "sha512-eC0qYrMfOpo9T0DtI9JOJEFqvmbkkD+6sEEWy+8fDMo60rbP2Rzi5uxmV0D20oKazugWHUTCXvmim8xuGs/UdA==",
      "license": "MIT",
      "dependencies": {
        "simplex-noise": "^4.0.3"
      },
      "peerDependencies": {
        "p5": "^2.2"
      }
    },
    "node_modules/simplex-noise": {
      "version": "4.0.3",
      "resolved": "https://registry.npmjs.org/simplex-noise/-/simplex-noise-4.0.3.tgz",
      "integrity": "sha512-qSE2I4AngLQG7BXqoZj51jokT4WUXe8mOBrvfOXpci8+6Yu44+/dD5zqDpOx3Ux792eamTd2lLcI8jqFntk/lg==",
      "license": "MIT"
    }
  }
}
